// !$*UTF8*$!
{
	archiveVersion = 1;
	classes = {
	};
	objectVersion = 50;
	objects = {

/* Begin PBXBuildFile section */
		3D19189F2555FE060065D6A6 /* AppDelegate.swift in Sources */ = {isa = PBXBuildFile; fileRef = 3D19189E2555FE060065D6A6 /* AppDelegate.swift */; };
		3D1918A12555FE060065D6A6 /* SceneDelegate.swift in Sources */ = {isa = PBXBuildFile; fileRef = 3D1918A02555FE060065D6A6 /* SceneDelegate.swift */; };
		3D1918A32555FE060065D6A6 /* ViewController.swift in Sources */ = {isa = PBXBuildFile; fileRef = 3D1918A22555FE060065D6A6 /* ViewController.swift */; };
		3D1918A62555FE060065D6A6 /* Main.storyboard in Resources */ = {isa = PBXBuildFile; fileRef = 3D1918A42555FE060065D6A6 /* Main.storyboard */; };
		3D1918A82555FE080065D6A6 /* Assets.xcassets in Resources */ = {isa = PBXBuildFile; fileRef = 3D1918A72555FE080065D6A6 /* Assets.xcassets */; };
		3D1918AB2555FE080065D6A6 /* LaunchScreen.storyboard in Resources */ = {isa = PBXBuildFile; fileRef = 3D1918A92555FE080065D6A6 /* LaunchScreen.storyboard */; };
		3D1918B62555FE080065D6A6 /* tableViewConstraintTests.swift in Sources */ = {isa = PBXBuildFile; fileRef = 3D1918B52555FE080065D6A6 /* tableViewConstraintTests.swift */; };
		3D1918C12555FE080065D6A6 /* tableViewConstraintUITests.swift in Sources */ = {isa = PBXBuildFile; fileRef = 3D1918C02555FE080065D6A6 /* tableViewConstraintUITests.swift */; };
/* End PBXBuildFile section */

/* Begin PBXContainerItemProxy section */
		3D1918B22555FE080065D6A6 /* PBXContainerItemProxy */ = {
			isa = PBXContainerItemProxy;
			containerPortal = 3D1918932555FE060065D6A6 /* Project object */;
			proxyType = 1;
			remoteGlobalIDString = 3D19189A2555FE060065D6A6;
			remoteInfo = tableViewConstraint;
		};
		3D1918BD2555FE080065D6A6 /* PBXContainerItemProxy */ = {
			isa = PBXContainerItemProxy;
			containerPortal = 3D1918932555FE060065D6A6 /* Project object */;
			proxyType = 1;
			remoteGlobalIDString = 3D19189A2555FE060065D6A6;
			remoteInfo = tableViewConstraint;
		};
/* End PBXContainerItemProxy section */

/* Begin PBXFileReference section */
		3D19189B2555FE060065D6A6 /* tableViewConstraint.app */ = {isa = PBXFileReference; explicitFileType = wrapper.application; includeInIndex = 0; path = tableViewConstraint.app; sourceTree = BUILT_PRODUCTS_DIR; };
		3D19189E2555FE060065D6A6 /* AppDelegate.swift */ = {isa = PBXFileReference; lastKnownFileType = sourcecode.swift; path = AppDelegate.swift; sourceTree = "<group>"; };
		3D1918A02555FE060065D6A6 /* SceneDelegate.swift */ = {isa = PBXFileReference; lastKnownFileType = sourcecode.swift; path = SceneDelegate.swift; sourceTree = "<group>"; };
		3D1918A22555FE060065D6A6 /* ViewController.swift */ = {isa = PBXFileReference; lastKnownFileType = sourcecode.swift; path = ViewController.swift; sourceTree = "<group>"; };
		3D1918A52555FE060065D6A6 /* Base */ = {isa = PBXFileReference; lastKnownFileType = file.storyboard; name = Base; path = Base.lproj/Main.storyboard; sourceTree = "<group>"; };
		3D1918A72555FE080065D6A6 /* Assets.xcassets */ = {isa = PBXFileReference; lastKnownFileType = folder.assetcatalog; path = Assets.xcassets; sourceTree = "<group>"; };
		3D1918AA2555FE080065D6A6 /* Base */ = {isa = PBXFileReference; lastKnownFileType = file.storyboard; name = Base; path = Base.lproj/LaunchScreen.storyboard; sourceTree = "<group>"; };
		3D1918AC2555FE080065D6A6 /* Info.plist */ = {isa = PBXFileReference; lastKnownFileType = text.plist.xml; path = Info.plist; sourceTree = "<group>"; };
		3D1918B12555FE080065D6A6 /* tableViewConstraintTests.xctest */ = {isa = PBXFileReference; explicitFileType = wrapper.cfbundle; includeInIndex = 0; path = tableViewConstraintTests.xctest; sourceTree = BUILT_PRODUCTS_DIR; };
		3D1918B52555FE080065D6A6 /* tableViewConstraintTests.swift */ = {isa = PBXFileReference; lastKnownFileType = sourcecode.swift; path = tableViewConstraintTests.swift; sourceTree = "<group>"; };
		3D1918B72555FE080065D6A6 /* Info.plist */ = {isa = PBXFileReference; lastKnownFileType = text.plist.xml; path = Info.plist; sourceTree = "<group>"; };
		3D1918BC2555FE080065D6A6 /* tableViewConstraintUITests.xctest */ = {isa = PBXFileReference; explicitFileType = wrapper.cfbundle; includeInIndex = 0; path = tableViewConstraintUITests.xctest; sourceTree = BUILT_PRODUCTS_DIR; };
		3D1918C02555FE080065D6A6 /* tableViewConstraintUITests.swift */ = {isa = PBXFileReference; lastKnownFileType = sourcecode.swift; path = tableViewConstraintUITests.swift; sourceTree = "<group>"; };
		3D1918C22555FE080065D6A6 /* Info.plist */ = {isa = PBXFileReference; lastKnownFileType = text.plist.xml; path = Info.plist; sourceTree = "<group>"; };
/* End PBXFileReference section */

/* Begin PBXFrameworksBuildPhase section */
		3D1918982555FE060065D6A6 /* Frameworks */ = {
			isa = PBXFrameworksBuildPhase;
			buildActionMask = 2147483647;
			files = (
			);
			runOnlyForDeploymentPostprocessing = 0;
		};
		3D1918AE2555FE080065D6A6 /* Frameworks */ = {
			isa = PBXFrameworksBuildPhase;
			buildActionMask = 2147483647;
			files = (
			);
			runOnlyForDeploymentPostprocessing = 0;
		};
		3D1918B92555FE080065D6A6 /* Frameworks */ = {
			isa = PBXFrameworksBuildPhase;
			buildActionMask = 2147483647;
			files = (
			);
			runOnlyForDeploymentPostprocessing = 0;
		};
/* End PBXFrameworksBuildPhase section */

/* Begin PBXGroup section */
		3D1918922555FE060065D6A6 = {
			isa = PBXGroup;
			children = (
				3D19189D2555FE060065D6A6 /* tableViewConstraint */,
				3D1918B42555FE080065D6A6 /* tableViewConstraintTests */,
				3D1918BF2555FE080065D6A6 /* tableViewConstraintUITests */,
				3D19189C2555FE060065D6A6 /* Products */,
			);
			sourceTree = "<group>";
		};
		3D19189C2555FE060065D6A6 /* Products */ = {
			isa = PBXGroup;
			children = (
				3D19189B2555FE060065D6A6 /* tableViewConstraint.app */,
				3D1918B12555FE080065D6A6 /* tableViewConstraintTests.xctest */,
				3D1918BC2555FE080065D6A6 /* tableViewConstraintUITests.xctest */,
			);
			name = Products;
			sourceTree = "<group>";
		};
		3D19189D2555FE060065D6A6 /* tableViewConstraint */ = {
			isa = PBXGroup;
			children = (
				3D19189E2555FE060065D6A6 /* AppDelegate.swift */,
				3D1918A02555FE060065D6A6 /* SceneDelegate.swift */,
				3D1918A22555FE060065D6A6 /* ViewController.swift */,
				3D1918A42555FE060065D6A6 /* Main.storyboard */,
				3D1918A72555FE080065D6A6 /* Assets.xcassets */,
				3D1918A92555FE080065D6A6 /* LaunchScreen.storyboard */,
				3D1918AC2555FE080065D6A6 /* Info.plist */,
			);
			path = tableViewConstraint;
			sourceTree = "<group>";
		};
		3D1918B42555FE080065D6A6 /* tableViewConstraintTests */ = {
			isa = PBXGroup;
			children = (
				3D1918B52555FE080065D6A6 /* tableViewConstraintTests.swift */,
				3D1918B72555FE080065D6A6 /* Info.plist */,
			);
			path = tableViewConstraintTests;
			sourceTree = "<group>";
		};
		3D1918BF2555FE080065D6A6 /* tableViewConstraintUITests */ = {
			isa = PBXGroup;
			children = (
				3D1918C02555FE080065D6A6 /* tableViewConstraintUITests.swift */,
				3D1918C22555FE080065D6A6 /* Info.plist */,
			);
			path = tableViewConstraintUITests;
			sourceTree = "<group>";
		};
/* End PBXGroup section */

/* Begin PBXNativeTarget section */
		3D19189A2555FE060065D6A6 /* tableViewConstraint */ = {
			isa = PBXNativeTarget;
			buildConfigurationList = 3D1918C52555FE080065D6A6 /* Build configuration list for PBXNativeTarget "tableViewConstraint" */;
			buildPhases = (
				3D1918972555FE060065D6A6 /* Sources */,
				3D1918982555FE060065D6A6 /* Frameworks */,
				3D1918992555FE060065D6A6 /* Resources */,
			);
			buildRules = (
			);
			dependencies = (
			);
			name = tableViewConstraint;
			productName = tableViewConstraint;
			productReference = 3D19189B2555FE060065D6A6 /* tableViewConstraint.app */;
			productType = "com.apple.product-type.application";
		};
		3D1918B02555FE080065D6A6 /* tableViewConstraintTests */ = {
			isa = PBXNativeTarget;
			buildConfigurationList = 3D1918C82555FE080065D6A6 /* Build configuration list for PBXNativeTarget "tableViewConstraintTests" */;
			buildPhases = (
				3D1918AD2555FE080065D6A6 /* Sources */,
				3D1918AE2555FE080065D6A6 /* Frameworks */,
				3D1918AF2555FE080065D6A6 /* Resources */,
			);
			buildRules = (
			);
			dependencies = (
				3D1918B32555FE080065D6A6 /* PBXTargetDependency */,
			);
			name = tableViewConstraintTests;
			productName = tableViewConstraintTests;
			productReference = 3D1918B12555FE080065D6A6 /* tableViewConstraintTests.xctest */;
			productType = "com.apple.product-type.bundle.unit-test";
		};
		3D1918BB2555FE080065D6A6 /* tableViewConstraintUITests */ = {
			isa = PBXNativeTarget;
			buildConfigurationList = 3D1918CB2555FE080065D6A6 /* Build configuration list for PBXNativeTarget "tableViewConstraintUITests" */;
			buildPhases = (
				3D1918B82555FE080065D6A6 /* Sources */,
				3D1918B92555FE080065D6A6 /* Frameworks */,
				3D1918BA2555FE080065D6A6 /* Resources */,
			);
			buildRules = (
			);
			dependencies = (
				3D1918BE2555FE080065D6A6 /* PBXTargetDependency */,
			);
			name = tableViewConstraintUITests;
			productName = tableViewConstraintUITests;
			productReference = 3D1918BC2555FE080065D6A6 /* tableViewConstraintUITests.xctest */;
			productType = "com.apple.product-type.bundle.ui-testing";
		};
/* End PBXNativeTarget section */

/* Begin PBXProject section */
		3D1918932555FE060065D6A6 /* Project object */ = {
			isa = PBXProject;
			attributes = {
				LastSwiftUpdateCheck = 1130;
				LastUpgradeCheck = 1130;
				ORGANIZATIONNAME = Alumno;
				TargetAttributes = {
					3D19189A2555FE060065D6A6 = {
						CreatedOnToolsVersion = 11.3.1;
					};
					3D1918B02555FE080065D6A6 = {
						CreatedOnToolsVersion = 11.3.1;
						TestTargetID = 3D19189A2555FE060065D6A6;
					};
					3D1918BB2555FE080065D6A6 = {
						CreatedOnToolsVersion = 11.3.1;
						TestTargetID = 3D19189A2555FE060065D6A6;
					};
				};
			};
			buildConfigurationList = 3D1918962555FE060065D6A6 /* Build configuration list for PBXProject "tableViewConstraint" */;
			compatibilityVersion = "Xcode 9.3";
			developmentRegion = en;
			hasScannedForEncodings = 0;
			knownRegions = (
				en,
				Base,
			);
			mainGroup = 3D1918922555FE060065D6A6;
			productRefGroup = 3D19189C2555FE060065D6A6 /* Products */;
			projectDirPath = "";
			projectRoot = "";
			targets = (
				3D19189A2555FE060065D6A6 /* tableViewConstraint */,
				3D1918B02555FE080065D6A6 /* tableViewConstraintTests */,
				3D1918BB2555FE080065D6A6 /* tableViewConstraintUITests */,
			);
		};
/* End PBXProject section */

/* Begin PBXResourcesBuildPhase section */
		3D1918992555FE060065D6A6 /* Resources */ = {
			isa = PBXResourcesBuildPhase;
			buildActionMask = 2147483647;
			files = (
				3D1918AB2555FE080065D6A6 /* LaunchScreen.storyboard in Resources */,
				3D1918A82555FE080065D6A6 /* Assets.xcassets in Resources */,
				3D1918A62555FE060065D6A6 /* Main.storyboard in Resources */,
			);
			runOnlyForDeploymentPostprocessing = 0;
		};
		3D1918AF2555FE080065D6A6 /* Resources */ = {
			isa = PBXResourcesBuildPhase;
			buildActionMask = 2147483647;
			files = (
			);
			runOnlyForDeploymentPostprocessing = 0;
		};
		3D1918BA2555FE080065D6A6 /* Resources */ = {
			isa = PBXResourcesBuildPhase;
			buildActionMask = 2147483647;
			files = (
			);
			runOnlyForDeploymentPostprocessing = 0;
		};
/* End PBXResourcesBuildPhase section */

/* Begin PBXSourcesBuildPhase section */
		3D1918972555FE060065D6A6 /* Sources */ = {
			isa = PBXSourcesBuildPhase;
			buildActionMask = 2147483647;
			files = (
				3D1918A32555FE060065D6A6 /* ViewController.swift in Sources */,
				3D19189F2555FE060065D6A6 /* AppDelegate.swift in Sources */,
				3D1918A12555FE060065D6A6 /* SceneDelegate.swift in Sources */,
			);
			runOnlyForDeploymentPostprocessing = 0;
		};
		3D1918AD2555FE080065D6A6 /* Sources */ = {
			isa = PBXSourcesBuildPhase;
			buildActionMask = 2147483647;
			files = (
				3D1918B62555FE080065D6A6 /* tableViewConstraintTests.swift in Sources */,
			);
			runOnlyForDeploymentPostprocessing = 0;
		};
		3D1918B82555FE080065D6A6 /* Sources */ = {
			isa = PBXSourcesBuildPhase;
			buildActionMask = 2147483647;
			files = (
				3D1918C12555FE080065D6A6 /* tableViewConstraintUITests.swift in Sources */,
			);
			runOnlyForDeploymentPostprocessing = 0;
		};
/* End PBXSourcesBuildPhase section */

/* Begin PBXTargetDependency section */
		3D1918B32555FE080065D6A6 /* PBXTargetDependency */ = {
			isa = PBXTargetDependency;
			target = 3D19189A2555FE060065D6A6 /* tableViewConstraint */;
			targetProxy = 3D1918B22555FE080065D6A6 /* PBXContainerItemProxy */;
		};
		3D1918BE2555FE080065D6A6 /* PBXTargetDependency */ = {
			isa = PBXTargetDependency;
			target = 3D19189A2555FE060065D6A6 /* tableViewConstraint */;
			targetProxy = 3D1918BD2555FE080065D6A6 /* PBXContainerItemProxy */;
		};
/* End PBXTargetDependency section */

/* Begin PBXVariantGroup section */
		3D1918A42555FE060065D6A6 /* Main.storyboard */ = {
			isa = PBXVariantGroup;
			children = (
				3D1918A52555FE060065D6A6 /* Base */,
			);
			name = Main.storyboard;
			sourceTree = "<group>";
		};
		3D1918A92555FE080065D6A6 /* LaunchScreen.storyboard */ = {
			isa = PBXVariantGroup;
			children = (
				3D1918AA2555FE080065D6A6 /* Base */,
			);
			name = LaunchScreen.storyboard;
			sourceTree = "<group>";
		};
/* End PBXVariantGroup section */

/* Begin XCBuildConfiguration section */
		3D1918C32555FE080065D6A6 /* Debug */ = {
			isa = XCBuildConfiguration;
			buildSettings = {
				ALWAYS_SEARCH_USER_PATHS = NO;
				CLANG_ANALYZER_NONNULL = YES;
				CLANG_ANALYZER_NUMBER_OBJECT_CONVERSION = YES_AGGRESSIVE;
				CLANG_CXX_LANGUAGE_STANDARD = "gnu++14";
				CLANG_CXX_LIBRARY = "libc++";
				CLANG_ENABLE_MODULES = YES;
				CLANG_ENABLE_OBJC_ARC = YES;
				CLANG_ENABLE_OBJC_WEAK = YES;
				CLANG_WARN_BLOCK_CAPTURE_AUTORELEASING = YES;
				CLANG_WARN_BOOL_CONVERSION = YES;
				CLANG_WARN_COMMA = YES;
				CLANG_WARN_CONSTANT_CONVERSION = YES;
				CLANG_WARN_DEPRECATED_OBJC_IMPLEMENTATIONS = YES;
				CLANG_WARN_DIRECT_OBJC_ISA_USAGE = YES_ERROR;
				CLANG_WARN_DOCUMENTATION_COMMENTS = YES;
				CLANG_WARN_EMPTY_BODY = YES;
				CLANG_WARN_ENUM_CONVERSION = YES;
				CLANG_WARN_INFINITE_RECURSION = YES;
				CLANG_WARN_INT_CONVERSION = YES;
				CLANG_WARN_NON_LITERAL_NULL_CONVERSION = YES;
				CLANG_WARN_OBJC_IMPLICIT_RETAIN_SELF = YES;
				CLANG_WARN_OBJC_LITERAL_CONVERSION = YES;
				CLANG_WARN_OBJC_ROOT_CLASS = YES_ERROR;
				CLANG_WARN_RANGE_LOOP_ANALYSIS = YES;
				CLANG_WARN_STRICT_PROTOTYPES = YES;
				CLANG_WARN_SUSPICIOUS_MOVE = YES;
				CLANG_WARN_UNGUARDED_AVAILABILITY = YES_AGGRESSIVE;
				CLANG_WARN_UNREACHABLE_CODE = YES;
				CLANG_WARN__DUPLICATE_METHOD_MATCH = YES;
				COPY_PHASE_STRIP = NO;
				DEBUG_INFORMATION_FORMAT = dwarf;
				ENABLE_STRICT_OBJC_MSGSEND = YES;
				ENABLE_TESTABILITY = YES;
				GCC_C_LANGUAGE_STANDARD = gnu11;
				GCC_DYNAMIC_NO_PIC = NO;
				GCC_NO_COMMON_BLOCKS = YES;
				GCC_OPTIMIZATION_LEVEL = 0;
				GCC_PREPROCESSOR_DEFINITIONS = (
					"DEBUG=1",
					"$(inherited)",
				);
				GCC_WARN_64_TO_32_BIT_CONVERSION = YES;
				GCC_WARN_ABOUT_RETURN_TYPE = YES_ERROR;
				GCC_WARN_UNDECLARED_SELECTOR = YES;
				GCC_WARN_UNINITIALIZED_AUTOS = YES_AGGRESSIVE;
				GCC_WARN_UNUSED_FUNCTION = YES;
				GCC_WARN_UNUSED_VARIABLE = YES;
				IPHONEOS_DEPLOYMENT_TARGET = 13.2;
				MTL_ENABLE_DEBUG_INFO = INCLUDE_SOURCE;
				MTL_FAST_MATH = YES;
				ONLY_ACTIVE_ARCH = YES;
				SDKROOT = iphoneos;
				SWIFT_ACTIVE_COMPILATION_CONDITIONS = DEBUG;
				SWIFT_OPTIMIZATION_LEVEL = "-Onone";
			};
			name = Debug;
		};
		3D1918C42555FE080065D6A6 /* Release */ = {
			isa = XCBuildConfiguration;
			buildSettings = {
				ALWAYS_SEARCH_USER_PATHS = NO;
				CLANG_ANALYZER_NONNULL = YES;
				CLANG_ANALYZER_NUMBER_OBJECT_CONVERSION = YES_AGGRESSIVE;
				CLANG_CXX_LANGUAGE_STANDARD = "gnu++14";
				CLANG_CXX_LIBRARY = "libc++";
				CLANG_ENABLE_MODULES = YES;
				CLANG_ENABLE_OBJC_ARC = YES;
				CLANG_ENABLE_OBJC_WEAK = YES;
				CLANG_WARN_BLOCK_CAPTURE_AUTORELEASING = YES;
				CLANG_WARN_BOOL_CONVERSION = YES;
				CLANG_WARN_COMMA = YES;
				CLANG_WARN_CONSTANT_CONVERSION = YES;
				CLANG_WARN_DEPRECATED_OBJC_IMPLEMENTATIONS = YES;
				CLANG_WARN_DIRECT_OBJC_ISA_USAGE = YES_ERROR;
				CLANG_WARN_DOCUMENTATION_COMMENTS = YES;
				CLANG_WARN_EMPTY_BODY = YES;
				CLANG_WARN_ENUM_CONVERSION = YES;
				CLANG_WARN_INFINITE_RECURSION = YES;
				CLANG_WARN_INT_CONVERSION = YES;
				CLANG_WARN_NON_LITERAL_NULL_CONVERSION = YES;
				CLANG_WARN_OBJC_IMPLICIT_RETAIN_SELF = YES;
				CLANG_WARN_OBJC_LITERAL_CONVERSION = YES;
				CLANG_WARN_OBJC_ROOT_CLASS = YES_ERROR;
				CLANG_WARN_RANGE_LOOP_ANALYSIS = YES;
				CLANG_WARN_STRICT_PROTOTYPES = YES;
				CLANG_WARN_SUSPICIOUS_MOVE = YES;
				CLANG_WARN_UNGUARDED_AVAILABILITY = YES_AGGRESSIVE;
				CLANG_WARN_UNREACHABLE_CODE = YES;
				CLANG_WARN__DUPLICATE_METHOD_MATCH = YES;
				COPY_PHASE_STRIP = NO;
				DEBUG_INFORMATION_FORMAT = "dwarf-with-dsym";
				ENABLE_NS_ASSERTIONS = NO;
				ENABLE_STRICT_OBJC_MSGSEND = YES;
				GCC_C_LANGUAGE_STANDARD = gnu11;
				GCC_NO_COMMON_BLOCKS = YES;
				GCC_WARN_64_TO_32_BIT_CONVERSION = YES;
				GCC_WARN_ABOUT_RETURN_TYPE = YES_ERROR;
				GCC_WARN_UNDECLARED_SELECTOR = YES;
				GCC_WARN_UNINITIALIZED_AUTOS = YES_AGGRESSIVE;
				GCC_WARN_UNUSED_FUNCTION = YES;
				GCC_WARN_UNUSED_VARIABLE = YES;
				IPHONEOS_DEPLOYMENT_TARGET = 13.2;
				MTL_ENABLE_DEBUG_INFO = NO;
				MTL_FAST_MATH = YES;
				SDKROOT = iphoneos;
				SWIFT_COMPILATION_MODE = wholemodule;
				SWIFT_OPTIMIZATION_LEVEL = "-O";
				VALIDATE_PRODUCT = YES;
			};
			name = Release;
		};
		3D1918C62555FE080065D6A6 /* Debug */ = {
			isa = XCBuildConfiguration;
			buildSettings = {
				ASSETCATALOG_COMPILER_APPICON_NAME = AppIcon;
				CODE_SIGN_STYLE = Automatic;
				INFOPLIST_FILE = tableViewConstraint/Info.plist;
				LD_RUNPATH_SEARCH_PATHS = (
					"$(inherited)",
					"@executable_path/Frameworks",
				);
				PRODUCT_BUNDLE_IDENTIFIER = edu.ulsa.tableViewConstraint;
				PRODUCT_NAME = "$(TARGET_NAME)";
				SWIFT_VERSION = 5.0;
				TARGETED_DEVICE_FAMILY = "1,2";
			};
			name = Debug;
		};
		3D1918C72555FE080065D6A6 /* Release */ = {
			isa = XCBuildConfiguration;
			buildSettings = {
				ASSETCATALOG_COMPILER_APPICON_NAME = AppIcon;
				CODE_SIGN_STYLE = Automatic;
				INFOPLIST_FILE = tableViewConstraint/Info.plist;
				LD_RUNPATH_SEARCH_PATHS = (
					"$(inherited)",
					"@executable_path/Frameworks",
				);
				PRODUCT_BUNDLE_IDENTIFIER = edu.ulsa.tableViewConstraint;
				PRODUCT_NAME = "$(TARGET_NAME)";
				SWIFT_VERSION = 5.0;
				TARGETED_DEVICE_FAMILY = "1,2";
			};
			name = Release;
		};
		3D1918C92555FE080065D6A6 /* Debug */ = {
			isa = XCBuildConfiguration;
			buildSettings = {
				ALWAYS_EMBED_SWIFT_STANDARD_LIBRARIES = YES;
				BUNDLE_LOADER = "$(TEST_HOST)";
				CODE_SIGN_STYLE = Automatic;
				INFOPLIST_FILE = tableViewConstraintTests/Info.plist;
				IPHONEOS_DEPLOYMENT_TARGET = 13.2;
				LD_RUNPATH_SEARCH_PATHS = (
					"$(inherited)",
					"@executable_path/Frameworks",
					"@loader_path/Frameworks",
				);
				PRODUCT_BUNDLE_IDENTIFIER = edu.ulsa.tableViewConstraintTests;
				PRODUCT_NAME = "$(TARGET_NAME)";
				SWIFT_VERSION = 5.0;
				TARGETED_DEVICE_FAMILY = "1,2";
				TEST_HOST = "$(BUILT_PRODUCTS_DIR)/tableViewConstraint.app/tableViewConstraint";
			};
			name = Debug;
		};
		3D1918CA2555FE080065D6A6 /* Release */ = {
			isa = XCBuildConfiguration;
			buildSettings = {
				ALWAYS_EMBED_SWIFT_STANDARD_LIBRARIES = YES;
				BUNDLE_LOADER = "$(TEST_HOST)";
				CODE_SIGN_STYLE = Automatic;
				INFOPLIST_FILE = tableViewConstraintTests/Info.plist;
				IPHONEOS_DEPLOYMENT_TARGET = 13.2;
				LD_RUNPATH_SEARCH_PATHS = (
					"$(inherited)",
					"@executable_path/Frameworks",
					"@loader_path/Frameworks",
				);
				PRODUCT_BUNDLE_IDENTIFIER = edu.ulsa.tableViewConstraintTests;
				PRODUCT_NAME = "$(TARGET_NAME)";
				SWIFT_VERSION = 5.0;
				TARGETED_DEVICE_FAMILY = "1,2";
				TEST_HOST = "$(BUILT_PRODUCTS_DIR)/tableViewConstraint.app/tableViewConstraint";
			};
			name = Release;
		};
		3D1918CC2555FE080065D6A6 /* Debug */ = {
			isa = XCBuildConfiguration;
			buildSettings = {
				ALWAYS_EMBED_SWIFT_STANDARD_LIBRARIES = YES;
				CODE_SIGN_STYLE = Automatic;
				INFOPLIST_FILE = tableViewConstraintUITests/Info.plist;
				LD_RUNPATH_SEARCH_PATHS = (
					"$(inherited)",
					"@executable_path/Frameworks",
					"@loader_path/Frameworks",
				);
				PRODUCT_BUNDLE_IDENTIFIER = edu.ulsa.tableViewConstraintUITests;
				PRODUCT_NAME = "$(TARGET_NAME)";
				SWIFT_VERSION = 5.0;
				TARGETED_DEVICE_FAMILY = "1,2";
				TEST_TARGET_NAME = tableViewConstraint;
			};
			name = Debug;
		};
		3D1918CD2555FE080065D6A6 /* Release */ = {
			isa = XCBuildConfiguration;
			buildSettings = {
				ALWAYS_EMBED_SWIFT_STANDARD_LIBRARIES = YES;
				CODE_SIGN_STYLE = Automatic;
				INFOPLIST_FILE = tableViewConstraintUITests/Info.plist;
				LD_RUNPATH_SEARCH_PATHS = (
					"$(inherited)",
					"@executable_path/Frameworks",
					"@loader_path/Frameworks",
				);
				PRODUCT_BUNDLE_IDENTIFIER = edu.ulsa.tableViewConstraintUITests;
				PRODUCT_NAME = "$(TARGET_NAME)";
				SWIFT_VERSION = 5.0;
				TARGETED_DEVICE_FAMILY = "1,2";
				TEST_TARGET_NAME = tableViewConstraint;
			};
			name = Release;
		};
/* End XCBuildConfiguration section */

/* Begin XCConfigurationList section */
		3D1918962555FE060065D6A6 /* Build configuration list for PBXProject "tableViewConstraint" */ = {
			isa = XCConfigurationList;
			buildConfigurations = (
				3D1918C32555FE080065D6A6 /* Debug */,
				3D1918C42555FE080065D6A6 /* Release */,
			);
			defaultConfigurationIsVisible = 0;
			defaultConfigurationName = Release;
		};
		3D1918C52555FE080065D6A6 /* Build configuration list for PBXNativeTarget "tableViewConstraint" */ = {
			isa = XCConfigurationList;
			buildConfigurations = (
				3D1918C62555FE080065D6A6 /* Debug */,
				3D1918C72555FE080065D6A6 /* Release */,
			);
			defaultConfigurationIsVisible = 0;
			defaultConfigurationName = Release;
		};
		3D1918C82555FE080065D6A6 /* Build configuration list for PBXNativeTarget "tableViewConstraintTests" */ = {
			isa = XCConfigurationList;
			buildConfigurations = (
				3D1918C92555FE080065D6A6 /* Debug */,
				3D1918CA2555FE080065D6A6 /* Release */,
			);
			defaultConfigurationIsVisible = 0;
			defaultConfigurationName = Release;
		};
		3D1918CB2555FE080065D6A6 /* Build configuration list for PBXNativeTarget "tableViewConstraintUITests" */ = {
			isa = XCConfigurationList;
			buildConfigurations = (
				3D1918CC2555FE080065D6A6 /* Debug */,
				3D1918CD2555FE080065D6A6 /* Release */,
			);
			defaultConfigurationIsVisible = 0;
			defaultConfigurationName = Release;
		};
/* End XCConfigurationList section */
	};
	rootObject = 3D1918932555FE060065D6A6 /* Project object */;
}
